vimagination.zapto.org/dos2unix v1.0.0 h1:U8vJ46DRjFjuIJVLQY/Y0pS2/ccp2I8CEP0HG8yBYTc=
vimagination.zapto.org/dos2unix v1.0.0/go.mod h1:D/zFHripvUlS1Nfb5pxSklv6B8Rd220xpa22yNEeCdQ=
vimagination.zapto.org/memio v1.0.0 h1:r0GDf430aNuGpOAV57UTvbUzAf82UclRyGG/pBp1uvU=
vimagination.zapto.org/memio v1.0.0/go.mod h1:zHGDKp2tyvF4IAfLti4pKYqCJucXYmmKMb3UMrCHK/4=
